
Microsoft Visual Studio Solution File, Format Version 12.00
# Visual Studio Version 17
VisualStudioVersion = 17.5.002.0
MinimumVisualStudioVersion = 10.0.40219.1
Project("{9A19103F-16F7-4668-BE54-9A1E7A4F7556}") = "quizgen", "quizgen.csproj", "{BFC2CF0C-EB93-4FB5-B4F3-57424B8D3020}"
EndProject
Global
	GlobalSection(SolutionConfigurationPlatforms) = preSolution
		Debug|Any CPU = Debug|Any CPU
		Release|Any CPU = Release|Any CPU
	EndGlobalSection
	GlobalSection(ProjectConfigurationPlatforms) = postSolution
		{BFC2CF0C-EB93-4FB5-B4F3-57424B8D3020}.Debug|Any CPU.ActiveCfg = Debug|Any CPU
		{BFC2CF0C-EB93-4FB5-B4F3-57424B8D3020}.Debug|Any CPU.Build.0 = Debug|Any CPU
		{BFC2CF0C-EB93-4FB5-B4F3-57424B8D3020}.Release|Any CPU.ActiveCfg = Release|Any CPU
		{BFC2CF0C-EB93-4FB5-B4F3-57424B8D3020}.Release|Any CPU.Build.0 = Release|Any CPU
	EndGlobalSection
	GlobalSection(SolutionProperties) = preSolution
		HideSolutionNode = FALSE
	EndGlobalSection
	GlobalSection(ExtensibilityGlobals) = postSolution
		SolutionGuid = {82635B71-98EA-4BDF-A5D0-FFACE4ACD2FF}
	EndGlobalSection
EndGlobal
